
Microsoft Visual Studio Solution File, Format Version 12.00
# Visual Studio 2013
VisualStudioVersion = 12.0.21005.1
MinimumVisualStudioVersion = 10.0.40219.1
Project("{FAE04EC0-301F-11D3-BF4B-00C04F79EFBC}") = "Grades", "Grades\Grades.csproj", "{26991DAE-DA6D-4FB8-952A-0F2FEF14AA65}"
EndProject
Project("{FAE04EC0-301F-11D3-BF4B-00C04F79EFBC}") = "TestGrade", "TestGrade\TestGrade.csproj", "{E8A43B43-FED5-4A37-B999-8231886518AD}"
EndProject
Global
	GlobalSection(SolutionConfigurationPlatforms) = preSolution
		Debug|Any CPU = Debug|Any CPU
		Release|Any CPU = Release|Any CPU
	EndGlobalSection
	GlobalSection(ProjectConfigurationPlatforms) = postSolution
		{26991DAE-DA6D-4FB8-952A-0F2FEF14AA65}.Debug|Any CPU.ActiveCfg = Debug|Any CPU
		{26991DAE-DA6D-4FB8-952A-0F2FEF14AA65}.Debug|Any CPU.Build.0 = Debug|Any CPU
		{26991DAE-DA6D-4FB8-952A-0F2FEF14AA65}.Release|Any CPU.ActiveCfg = Release|Any CPU
		{26991DAE-DA6D-4FB8-952A-0F2FEF14AA65}.Release|Any CPU.Build.0 = Release|Any CPU
		{E8A43B43-FED5-4A37-B999-8231886518AD}.Debug|Any CPU.ActiveCfg = Debug|Any CPU
		{E8A43B43-FED5-4A37-B999-8231886518AD}.Debug|Any CPU.Build.0 = Debug|Any CPU
		{E8A43B43-FED5-4A37-B999-8231886518AD}.Release|Any CPU.ActiveCfg = Release|Any CPU
		{E8A43B43-FED5-4A37-B999-8231886518AD}.Release|Any CPU.Build.0 = Release|Any CPU
	EndGlobalSection
	GlobalSection(SolutionProperties) = preSolution
		HideSolutionNode = FALSE
	EndGlobalSection
EndGlobal
